[root]
name = "run"
version = "0.1.0"
dependencies = [
 "egl 0.2.4",
 "opengles 0.1.2 (registry+https://github.com/rust-lang/crates.io-index)",
 "videocore 0.1.2 (registry+https://github.com/rust-lang/crates.io-index)",
]

[[package]]
name = "egl"
version = "0.2.4"
dependencies = [
 "khronos 0.1.1 (registry+https://github.com/rust-lang/crates.io-index)",
 "libc 0.1.10 (registry+https://github.com/rust-lang/crates.io-index)",
]

[[package]]
name = "khronos"
version = "0.1.1"
source = "registry+https://github.com/rust-lang/crates.io-index"
dependencies = [
 "libc 0.1.10 (registry+https://github.com/rust-lang/crates.io-index)",
]

[[package]]
name = "libc"
version = "0.1.10"
source = "registry+https://github.com/rust-lang/crates.io-index"

[[package]]
name = "opengles"
version = "0.1.2"
source = "registry+https://github.com/rust-lang/crates.io-index"
dependencies = [
 "khronos 0.1.1 (registry+https://github.com/rust-lang/crates.io-index)",
 "libc 0.1.10 (registry+https://github.com/rust-lang/crates.io-index)",
]

[[package]]
name = "videocore"
version = "0.1.2"
source = "registry+https://github.com/rust-lang/crates.io-index"
dependencies = [
 "libc 0.1.10 (registry+https://github.com/rust-lang/crates.io-index)",
]

